Microsoft Visual Studio Solution File, Format Version 12.00
# Visual Studio 2012
Project("{FAE04EC0-301F-11D3-BF4B-00C04F79EFBC}") = "Godot Soft Body 2D", "Godot Soft Body 2D.csproj", "{F8C6B3DF-C7DD-4300-8EB4-7DC4E8524814}"
EndProject
Global
	GlobalSection(SolutionConfigurationPlatforms) = preSolution
	Debug|Any CPU = Debug|Any CPU
	ExportDebug|Any CPU = ExportDebug|Any CPU
	ExportRelease|Any CPU = ExportRelease|Any CPU
	EndGlobalSection
	GlobalSection(ProjectConfigurationPlatforms) = postSolution
		{F8C6B3DF-C7DD-4300-8EB4-7DC4E8524814}.Debug|Any CPU.ActiveCfg = Debug|Any CPU
		{F8C6B3DF-C7DD-4300-8EB4-7DC4E8524814}.Debug|Any CPU.Build.0 = Debug|Any CPU
		{F8C6B3DF-C7DD-4300-8EB4-7DC4E8524814}.ExportDebug|Any CPU.ActiveCfg = ExportDebug|Any CPU
		{F8C6B3DF-C7DD-4300-8EB4-7DC4E8524814}.ExportDebug|Any CPU.Build.0 = ExportDebug|Any CPU
		{F8C6B3DF-C7DD-4300-8EB4-7DC4E8524814}.ExportRelease|Any CPU.ActiveCfg = ExportRelease|Any CPU
		{F8C6B3DF-C7DD-4300-8EB4-7DC4E8524814}.ExportRelease|Any CPU.Build.0 = ExportRelease|Any CPU
	EndGlobalSection
EndGlobal
